
Microsoft Visual Studio Solution File, Format Version 12.00
# Visual Studio Version 16
VisualStudioVersion = 16.0.29306.81
MinimumVisualStudioVersion = 10.0.40219.1
Project("{FAE04EC0-301F-11D3-BF4B-00C04F79EFBC}") = "EFCoreSample", "EFCoreSample\EFCoreSample.csproj", "{A5C8C505-2C92-48DF-A833-674E9165D9E4}"
EndProject
Global
	GlobalSection(SolutionConfigurationPlatforms) = preSolution
		Debug|Any CPU = Debug|Any CPU
		Release|Any CPU = Release|Any CPU
	EndGlobalSection
	GlobalSection(ProjectConfigurationPlatforms) = postSolution
		{A5C8C505-2C92-48DF-A833-674E9165D9E4}.Debug|Any CPU.ActiveCfg = Debug|Any CPU
		{A5C8C505-2C92-48DF-A833-674E9165D9E4}.Debug|Any CPU.Build.0 = Debug|Any CPU
		{A5C8C505-2C92-48DF-A833-674E9165D9E4}.Release|Any CPU.ActiveCfg = Release|Any CPU
		{A5C8C505-2C92-48DF-A833-674E9165D9E4}.Release|Any CPU.Build.0 = Release|Any CPU
	EndGlobalSection
	GlobalSection(SolutionProperties) = preSolution
		HideSolutionNode = FALSE
	EndGlobalSection
	GlobalSection(ExtensibilityGlobals) = postSolution
		SolutionGuid = {A8BDFF64-18C7-43E6-A4A1-BECADFF78CA8}
	EndGlobalSection
EndGlobal
