
Microsoft Visual Studio Solution File, Format Version 12.00
# Visual Studio Version 16
VisualStudioVersion = 16.0.29311.281
MinimumVisualStudioVersion = 10.0.40219.1
Project("{FAE04EC0-301F-11D3-BF4B-00C04F79EFBC}") = "MyFirstFunctionApp", "MyFirstFunctionApp\MyFirstFunctionApp.csproj", "{4302A888-45A1-475E-A097-54BFC9325498}"
EndProject
Global
	GlobalSection(SolutionConfigurationPlatforms) = preSolution
		Debug|Any CPU = Debug|Any CPU
		Release|Any CPU = Release|Any CPU
	EndGlobalSection
	GlobalSection(ProjectConfigurationPlatforms) = postSolution
		{4302A888-45A1-475E-A097-54BFC9325498}.Debug|Any CPU.ActiveCfg = Debug|Any CPU
		{4302A888-45A1-475E-A097-54BFC9325498}.Debug|Any CPU.Build.0 = Debug|Any CPU
		{4302A888-45A1-475E-A097-54BFC9325498}.Release|Any CPU.ActiveCfg = Release|Any CPU
		{4302A888-45A1-475E-A097-54BFC9325498}.Release|Any CPU.Build.0 = Release|Any CPU
	EndGlobalSection
	GlobalSection(SolutionProperties) = preSolution
		HideSolutionNode = FALSE
	EndGlobalSection
	GlobalSection(ExtensibilityGlobals) = postSolution
		SolutionGuid = {92FC62A3-9F71-4397-9A7B-DE61A896E33D}
	EndGlobalSection
EndGlobal
